// !$*UTF8*$!
{
	archiveVersion = 1;
	classes = {
	};
	objectVersion = 77;
	objects = {

/* Begin PBXBuildFile section */
		8E3E933D2E2B5CAC00B2F1DD /* Settings.bundle in Resources */ = {isa = PBXBuildFile; fileRef = 8E3E933C2E2B5CAC00B2F1DD /* Settings.bundle */; };
		8EC2D4DE2E3294930055FC11 /* PieChart in Frameworks */ = {isa = PBXBuildFile; productRef = 8EC2D4DD2E3294930055FC11 /* PieChart */; };
		8EC2D4E12E3295030055FC11 /* PieChart in Frameworks */ = {isa = PBXBuildFile; productRef = 8EC2D4E02E3295030055FC11 /* PieChart */; };
/* End PBXBuildFile section */

/* Begin PBXContainerItemProxy section */
		8EFF28AF2E017B2C008062F8 /* PBXContainerItemProxy */ = {
			isa = PBXContainerItemProxy;
			containerPortal = 8EFF28962E017B29008062F8 /* Project object */;
			proxyType = 1;
			remoteGlobalIDString = 8EFF289D2E017B29008062F8;
			remoteInfo = lms;
		};
		8EFF28B92E017B2C008062F8 /* PBXContainerItemProxy */ = {
			isa = PBXContainerItemProxy;
			containerPortal = 8EFF28962E017B29008062F8 /* Project object */;
			proxyType = 1;
			remoteGlobalIDString = 8EFF289D2E017B29008062F8;
			remoteInfo = lms;
		};
/* End PBXContainerItemProxy section */

/* Begin PBXFileReference section */
		8E3E933C2E2B5CAC00B2F1DD /* Settings.bundle */ = {isa = PBXFileReference; lastKnownFileType = "wrapper.plug-in"; path = Settings.bundle; sourceTree = "<group>"; };
		8EFF289E2E017B29008062F8 /* lms.app */ = {isa = PBXFileReference; explicitFileType = wrapper.application; includeInIndex = 0; path = lms.app; sourceTree = BUILT_PRODUCTS_DIR; };
		8EFF28AE2E017B2C008062F8 /* lmsTests.xctest */ = {isa = PBXFileReference; explicitFileType = wrapper.cfbundle; includeInIndex = 0; path = lmsTests.xctest; sourceTree = BUILT_PRODUCTS_DIR; };
		8EFF28B82E017B2C008062F8 /* lmsUITests.xctest */ = {isa = PBXFileReference; explicitFileType = wrapper.cfbundle; includeInIndex = 0; path = lmsUITests.xctest; sourceTree = BUILT_PRODUCTS_DIR; };
/* End PBXFileReference section */

/* Begin PBXFileSystemSynchronizedRootGroup section */
		8EFF28A02E017B29008062F8 /* lms */ = {
			isa = PBXFileSystemSynchronizedRootGroup;
			path = lms;
			sourceTree = "<group>";
		};
		8EFF28B12E017B2C008062F8 /* lmsTests */ = {
			isa = PBXFileSystemSynchronizedRootGroup;
			path = lmsTests;
			sourceTree = "<group>";
		};
		8EFF28BB2E017B2C008062F8 /* lmsUITests */ = {
			isa = PBXFileSystemSynchronizedRootGroup;
			path = lmsUITests;
			sourceTree = "<group>";
		};
/* End PBXFileSystemSynchronizedRootGroup section */

/* Begin PBXFrameworksBuildPhase section */
		8EFF289B2E017B29008062F8 /* Frameworks */ = {
			isa = PBXFrameworksBuildPhase;
			buildActionMask = 2147483647;
			files = (
				8EC2D4E12E3295030055FC11 /* PieChart in Frameworks */,
				8EC2D4DE2E3294930055FC11 /* PieChart in Frameworks */,
			);
			runOnlyForDeploymentPostprocessing = 0;
		};
		8EFF28AB2E017B2C008062F8 /* Frameworks */ = {
			isa = PBXFrameworksBuildPhase;
			buildActionMask = 2147483647;
			files = (
			);
			runOnlyForDeploymentPostprocessing = 0;
		};
		8EFF28B52E017B2C008062F8 /* Frameworks */ = {
			isa = PBXFrameworksBuildPhase;
			buildActionMask = 2147483647;
			files = (
			);
			runOnlyForDeploymentPostprocessing = 0;
		};
/* End PBXFrameworksBuildPhase section */

/* Begin PBXGroup section */
		8EFF28952E017B29008062F8 = {
			isa = PBXGroup;
			children = (
				8EFF28A02E017B29008062F8 /* lms */,
				8EFF28B12E017B2C008062F8 /* lmsTests */,
				8EFF28BB2E017B2C008062F8 /* lmsUITests */,
				8EFF289F2E017B29008062F8 /* Products */,
				8E3E933C2E2B5CAC00B2F1DD /* Settings.bundle */,
			);
			sourceTree = "<group>";
		};
		8EFF289F2E017B29008062F8 /* Products */ = {
			isa = PBXGroup;
			children = (
				8EFF289E2E017B29008062F8 /* lms.app */,
				8EFF28AE2E017B2C008062F8 /* lmsTests.xctest */,
				8EFF28B82E017B2C008062F8 /* lmsUITests.xctest */,
			);
			name = Products;
			sourceTree = "<group>";
		};
/* End PBXGroup section */

/* Begin PBXNativeTarget section */
		8EFF289D2E017B29008062F8 /* lms */ = {
			isa = PBXNativeTarget;
			buildConfigurationList = 8EFF28C22E017B2C008062F8 /* Build configuration list for PBXNativeTarget "lms" */;
			buildPhases = (
				8EFF289A2E017B29008062F8 /* Sources */,
				8EFF289B2E017B29008062F8 /* Frameworks */,
				8EFF289C2E017B29008062F8 /* Resources */,
			);
			buildRules = (
			);
			dependencies = (
			);
			fileSystemSynchronizedGroups = (
				8EFF28A02E017B29008062F8 /* lms */,
			);
			name = lms;
			packageProductDependencies = (
				8EC2D4DD2E3294930055FC11 /* PieChart */,
				8EC2D4E02E3295030055FC11 /* PieChart */,
			);
			productName = lms;
			productReference = 8EFF289E2E017B29008062F8 /* lms.app */;
			productType = "com.apple.product-type.application";
		};
		8EFF28AD2E017B2C008062F8 /* lmsTests */ = {
			isa = PBXNativeTarget;
			buildConfigurationList = 8EFF28C52E017B2C008062F8 /* Build configuration list for PBXNativeTarget "lmsTests" */;
			buildPhases = (
				8EFF28AA2E017B2C008062F8 /* Sources */,
				8EFF28AB2E017B2C008062F8 /* Frameworks */,
				8EFF28AC2E017B2C008062F8 /* Resources */,
			);
			buildRules = (
			);
			dependencies = (
				8EFF28B02E017B2C008062F8 /* PBXTargetDependency */,
			);
			fileSystemSynchronizedGroups = (
				8EFF28B12E017B2C008062F8 /* lmsTests */,
			);
			name = lmsTests;
			packageProductDependencies = (
			);
			productName = lmsTests;
			productReference = 8EFF28AE2E017B2C008062F8 /* lmsTests.xctest */;
			productType = "com.apple.product-type.bundle.unit-test";
		};
		8EFF28B72E017B2C008062F8 /* lmsUITests */ = {
			isa = PBXNativeTarget;
			buildConfigurationList = 8EFF28C82E017B2C008062F8 /* Build configuration list for PBXNativeTarget "lmsUITests" */;
			buildPhases = (
				8EFF28B42E017B2C008062F8 /* Sources */,
				8EFF28B52E017B2C008062F8 /* Frameworks */,
				8EFF28B62E017B2C008062F8 /* Resources */,
			);
			buildRules = (
			);
			dependencies = (
				8EFF28BA2E017B2C008062F8 /* PBXTargetDependency */,
			);
			fileSystemSynchronizedGroups = (
				8EFF28BB2E017B2C008062F8 /* lmsUITests */,
			);
			name = lmsUITests;
			packageProductDependencies = (
			);
			productName = lmsUITests;
			productReference = 8EFF28B82E017B2C008062F8 /* lmsUITests.xctest */;
			productType = "com.apple.product-type.bundle.ui-testing";
		};
/* End PBXNativeTarget section */

/* Begin PBXProject section */
		8EFF28962E017B29008062F8 /* Project object */ = {
			isa = PBXProject;
			attributes = {
				BuildIndependentTargetsInParallel = 1;
				LastSwiftUpdateCheck = 1640;
				LastUpgradeCheck = 1640;
				TargetAttributes = {
					8EFF289D2E017B29008062F8 = {
						CreatedOnToolsVersion = 16.4;
					};
					8EFF28AD2E017B2C008062F8 = {
						CreatedOnToolsVersion = 16.4;
						TestTargetID = 8EFF289D2E017B29008062F8;
					};
					8EFF28B72E017B2C008062F8 = {
						CreatedOnToolsVersion = 16.4;
						TestTargetID = 8EFF289D2E017B29008062F8;
					};
				};
			};
			buildConfigurationList = 8EFF28992E017B29008062F8 /* Build configuration list for PBXProject "lms" */;
			developmentRegion = en;
			hasScannedForEncodings = 0;
			knownRegions = (
				en,
				Base,
			);
			mainGroup = 8EFF28952E017B29008062F8;
			minimizedProjectReferenceProxies = 1;
			packageReferences = (
				8EC2D4DF2E3295030055FC11 /* XCLocalSwiftPackageReference "Utilities" */,
			);
			preferredProjectObjectVersion = 77;
			productRefGroup = 8EFF289F2E017B29008062F8 /* Products */;
			projectDirPath = "";
			projectRoot = "";
			targets = (
				8EFF289D2E017B29008062F8 /* lms */,
				8EFF28AD2E017B2C008062F8 /* lmsTests */,
				8EFF28B72E017B2C008062F8 /* lmsUITests */,
			);
		};
/* End PBXProject section */

/* Begin PBXResourcesBuildPhase section */
		8EFF289C2E017B29008062F8 /* Resources */ = {
			isa = PBXResourcesBuildPhase;
			buildActionMask = 2147483647;
			files = (
				8E3E933D2E2B5CAC00B2F1DD /* Settings.bundle in Resources */,
			);
			runOnlyForDeploymentPostprocessing = 0;
		};
		8EFF28AC2E017B2C008062F8 /* Resources */ = {
			isa = PBXResourcesBuildPhase;
			buildActionMask = 2147483647;
			files = (
			);
			runOnlyForDeploymentPostprocessing = 0;
		};
		8EFF28B62E017B2C008062F8 /* Resources */ = {
			isa = PBXResourcesBuildPhase;
			buildActionMask = 2147483647;
			files = (
			);
			runOnlyForDeploymentPostprocessing = 0;
		};
/* End PBXResourcesBuildPhase section */

/* Begin PBXSourcesBuildPhase section */
		8EFF289A2E017B29008062F8 /* Sources */ = {
			isa = PBXSourcesBuildPhase;
			buildActionMask = 2147483647;
			files = (
			);
			runOnlyForDeploymentPostprocessing = 0;
		};
		8EFF28AA2E017B2C008062F8 /* Sources */ = {
			isa = PBXSourcesBuildPhase;
			buildActionMask = 2147483647;
			files = (
			);
			runOnlyForDeploymentPostprocessing = 0;
		};
		8EFF28B42E017B2C008062F8 /* Sources */ = {
			isa = PBXSourcesBuildPhase;
			buildActionMask = 2147483647;
			files = (
			);
			runOnlyForDeploymentPostprocessing = 0;
		};
/* End PBXSourcesBuildPhase section */

/* Begin PBXTargetDependency section */
		8EFF28B02E017B2C008062F8 /* PBXTargetDependency */ = {
			isa = PBXTargetDependency;
			target = 8EFF289D2E017B29008062F8 /* lms */;
			targetProxy = 8EFF28AF2E017B2C008062F8 /* PBXContainerItemProxy */;
		};
		8EFF28BA2E017B2C008062F8 /* PBXTargetDependency */ = {
			isa = PBXTargetDependency;
			target = 8EFF289D2E017B29008062F8 /* lms */;
			targetProxy = 8EFF28B92E017B2C008062F8 /* PBXContainerItemProxy */;
		};
/* End PBXTargetDependency section */

/* Begin XCBuildConfiguration section */
		8EFF28C02E017B2C008062F8 /* Debug */ = {
			isa = XCBuildConfiguration;
			buildSettings = {
				ALWAYS_SEARCH_USER_PATHS = NO;
				ASSETCATALOG_COMPILER_GENERATE_SWIFT_ASSET_SYMBOL_EXTENSIONS = YES;
				CLANG_ANALYZER_NONNULL = YES;
				CLANG_ANALYZER_NUMBER_OBJECT_CONVERSION = YES_AGGRESSIVE;
				CLANG_CXX_LANGUAGE_STANDARD = "gnu++20";
				CLANG_ENABLE_MODULES = YES;
				CLANG_ENABLE_OBJC_ARC = YES;
				CLANG_ENABLE_OBJC_WEAK = YES;
				CLANG_WARN_BLOCK_CAPTURE_AUTORELEASING = YES;
				CLANG_WARN_BOOL_CONVERSION = YES;
				CLANG_WARN_COMMA = YES;
				CLANG_WARN_CONSTANT_CONVERSION = YES;
				CLANG_WARN_DEPRECATED_OBJC_IMPLEMENTATIONS = YES;
				CLANG_WARN_DIRECT_OBJC_ISA_USAGE = YES_ERROR;
				CLANG_WARN_DOCUMENTATION_COMMENTS = YES;
				CLANG_WARN_EMPTY_BODY = YES;
				CLANG_WARN_ENUM_CONVERSION = YES;
				CLANG_WARN_INFINITE_RECURSION = YES;
				CLANG_WARN_INT_CONVERSION = YES;
				CLANG_WARN_NON_LITERAL_NULL_CONVERSION = YES;
				CLANG_WARN_OBJC_IMPLICIT_RETAIN_SELF = YES;
				CLANG_WARN_OBJC_LITERAL_CONVERSION = YES;
				CLANG_WARN_OBJC_ROOT_CLASS = YES_ERROR;
				CLANG_WARN_QUOTED_INCLUDE_IN_FRAMEWORK_HEADER = YES;
				CLANG_WARN_RANGE_LOOP_ANALYSIS = YES;
				CLANG_WARN_STRICT_PROTOTYPES = YES;
				CLANG_WARN_SUSPICIOUS_MOVE = YES;
				CLANG_WARN_UNGUARDED_AVAILABILITY = YES_AGGRESSIVE;
				CLANG_WARN_UNREACHABLE_CODE = YES;
				CLANG_WARN__DUPLICATE_METHOD_MATCH = YES;
				COPY_PHASE_STRIP = NO;
				DEBUG_INFORMATION_FORMAT = dwarf;
				ENABLE_STRICT_OBJC_MSGSEND = YES;
				ENABLE_TESTABILITY = YES;
				ENABLE_USER_SCRIPT_SANDBOXING = YES;
				GCC_C_LANGUAGE_STANDARD = gnu17;
				GCC_DYNAMIC_NO_PIC = NO;
				GCC_NO_COMMON_BLOCKS = YES;
				GCC_OPTIMIZATION_LEVEL = 0;
				GCC_PREPROCESSOR_DEFINITIONS = (
					"DEBUG=1",
					"$(inherited)",
				);
				GCC_WARN_64_TO_32_BIT_CONVERSION = YES;
				GCC_WARN_ABOUT_RETURN_TYPE = YES_ERROR;
				GCC_WARN_UNDECLARED_SELECTOR = YES;
				GCC_WARN_UNINITIALIZED_AUTOS = YES_AGGRESSIVE;
				GCC_WARN_UNUSED_FUNCTION = YES;
				GCC_WARN_UNUSED_VARIABLE = YES;
				INFOPLIST_KEY_UILaunchScreen_Generation = YES;
				LOCALIZATION_PREFERS_STRING_CATALOGS = YES;
				MACOSX_DEPLOYMENT_TARGET = 15.5;
				MTL_ENABLE_DEBUG_INFO = INCLUDE_SOURCE;
				MTL_FAST_MATH = YES;
				ONLY_ACTIVE_ARCH = YES;
				SDKROOT = macosx;
				SWIFT_ACTIVE_COMPILATION_CONDITIONS = "DEBUG $(inherited)";
				SWIFT_OPTIMIZATION_LEVEL = "-Onone";
			};
			name = Debug;
		};
		8EFF28C12E017B2C008062F8 /* Release */ = {
			isa = XCBuildConfiguration;
			buildSettings = {
				ALWAYS_SEARCH_USER_PATHS = NO;
				ASSETCATALOG_COMPILER_GENERATE_SWIFT_ASSET_SYMBOL_EXTENSIONS = YES;
				CLANG_ANALYZER_NONNULL = YES;
				CLANG_ANALYZER_NUMBER_OBJECT_CONVERSION = YES_AGGRESSIVE;
				CLANG_CXX_LANGUAGE_STANDARD = "gnu++20";
				CLANG_ENABLE_MODULES = YES;
				CLANG_ENABLE_OBJC_ARC = YES;
				CLANG_ENABLE_OBJC_WEAK = YES;
				CLANG_WARN_BLOCK_CAPTURE_AUTORELEASING = YES;
				CLANG_WARN_BOOL_CONVERSION = YES;
				CLANG_WARN_COMMA = YES;
				CLANG_WARN_CONSTANT_CONVERSION = YES;
				CLANG_WARN_DEPRECATED_OBJC_IMPLEMENTATIONS = YES;
				CLANG_WARN_DIRECT_OBJC_ISA_USAGE = YES_ERROR;
				CLANG_WARN_DOCUMENTATION_COMMENTS = YES;
				CLANG_WARN_EMPTY_BODY = YES;
				CLANG_WARN_ENUM_CONVERSION = YES;
				CLANG_WARN_INFINITE_RECURSION = YES;
				CLANG_WARN_INT_CONVERSION = YES;
				CLANG_WARN_NON_LITERAL_NULL_CONVERSION = YES;
				CLANG_WARN_OBJC_IMPLICIT_RETAIN_SELF = YES;
				CLANG_WARN_OBJC_LITERAL_CONVERSION = YES;
				CLANG_WARN_OBJC_ROOT_CLASS = YES_ERROR;
				CLANG_WARN_QUOTED_INCLUDE_IN_FRAMEWORK_HEADER = YES;
				CLANG_WARN_RANGE_LOOP_ANALYSIS = YES;
				CLANG_WARN_STRICT_PROTOTYPES = YES;
				CLANG_WARN_SUSPICIOUS_MOVE = YES;
				CLANG_WARN_UNGUARDED_AVAILABILITY = YES_AGGRESSIVE;
				CLANG_WARN_UNREACHABLE_CODE = YES;
				CLANG_WARN__DUPLICATE_METHOD_MATCH = YES;
				COPY_PHASE_STRIP = NO;
				DEBUG_INFORMATION_FORMAT = "dwarf-with-dsym";
				ENABLE_NS_ASSERTIONS = NO;
				ENABLE_STRICT_OBJC_MSGSEND = YES;
				ENABLE_USER_SCRIPT_SANDBOXING = YES;
				GCC_C_LANGUAGE_STANDARD = gnu17;
				GCC_NO_COMMON_BLOCKS = YES;
				GCC_WARN_64_TO_32_BIT_CONVERSION = YES;
				GCC_WARN_ABOUT_RETURN_TYPE = YES_ERROR;
				GCC_WARN_UNDECLARED_SELECTOR = YES;
				GCC_WARN_UNINITIALIZED_AUTOS = YES_AGGRESSIVE;
				GCC_WARN_UNUSED_FUNCTION = YES;
				GCC_WARN_UNUSED_VARIABLE = YES;
				INFOPLIST_KEY_UILaunchScreen_Generation = YES;
				LOCALIZATION_PREFERS_STRING_CATALOGS = YES;
				MACOSX_DEPLOYMENT_TARGET = 15.5;
				MTL_ENABLE_DEBUG_INFO = NO;
				MTL_FAST_MATH = YES;
				SDKROOT = macosx;
				SWIFT_COMPILATION_MODE = wholemodule;
			};
			name = Release;
		};
		8EFF28C32E017B2C008062F8 /* Debug */ = {
			isa = XCBuildConfiguration;
			buildSettings = {
				ASSETCATALOG_COMPILER_APPICON_NAME = AppIcon;
				ASSETCATALOG_COMPILER_GLOBAL_ACCENT_COLOR_NAME = AccentColor;
				CODE_SIGN_ENTITLEMENTS = lms/lms.entitlements;
				CODE_SIGN_STYLE = Automatic;
				COMBINE_HIDPI_IMAGES = YES;
				CURRENT_PROJECT_VERSION = 1;
				DEVELOPMENT_TEAM = A535SR8PFJ;
				ENABLE_PREVIEWS = YES;
				GENERATE_INFOPLIST_FILE = YES;
				INFOPLIST_KEY_NSHumanReadableCopyright = "";
				INFOPLIST_KEY_UISupportedInterfaceOrientations = UIInterfaceOrientationPortrait;
				IPHONEOS_DEPLOYMENT_TARGET = 17.6;
				LD_RUNPATH_SEARCH_PATHS = (
					"$(inherited)",
					"@executable_path/../Frameworks",
				);
				MACOSX_DEPLOYMENT_TARGET = 14.0;
				MARKETING_VERSION = 1.0;
				PRODUCT_BUNDLE_IDENTIFIER = dev.blazer.lms;
				PRODUCT_NAME = "$(TARGET_NAME)";
				REGISTER_APP_GROUPS = YES;
				SUPPORTED_PLATFORMS = "iphoneos iphonesimulator";
				SUPPORTS_MACCATALYST = NO;
				SWIFT_EMIT_LOC_STRINGS = YES;
				SWIFT_VERSION = 5.0;
				TARGETED_DEVICE_FAMILY = 1;
			};
			name = Debug;
		};
		8EFF28C42E017B2C008062F8 /* Release */ = {
			isa = XCBuildConfiguration;
			buildSettings = {
				ASSETCATALOG_COMPILER_APPICON_NAME = AppIcon;
				ASSETCATALOG_COMPILER_GLOBAL_ACCENT_COLOR_NAME = AccentColor;
				CODE_SIGN_ENTITLEMENTS = lms/lms.entitlements;
				CODE_SIGN_STYLE = Automatic;
				COMBINE_HIDPI_IMAGES = YES;
				CURRENT_PROJECT_VERSION = 1;
				DEVELOPMENT_TEAM = A535SR8PFJ;
				ENABLE_PREVIEWS = YES;
				GENERATE_INFOPLIST_FILE = YES;
				INFOPLIST_KEY_NSHumanReadableCopyright = "";
				INFOPLIST_KEY_UISupportedInterfaceOrientations = UIInterfaceOrientationPortrait;
				IPHONEOS_DEPLOYMENT_TARGET = 17.6;
				LD_RUNPATH_SEARCH_PATHS = (
					"$(inherited)",
					"@executable_path/../Frameworks",
				);
				MACOSX_DEPLOYMENT_TARGET = 14.0;
				MARKETING_VERSION = 1.0;
				PRODUCT_BUNDLE_IDENTIFIER = dev.blazer.lms;
				PRODUCT_NAME = "$(TARGET_NAME)";
				REGISTER_APP_GROUPS = YES;
				SUPPORTED_PLATFORMS = "iphoneos iphonesimulator";
				SUPPORTS_MACCATALYST = NO;
				SWIFT_EMIT_LOC_STRINGS = YES;
				SWIFT_VERSION = 5.0;
				TARGETED_DEVICE_FAMILY = 1;
			};
			name = Release;
		};
		8EFF28C62E017B2C008062F8 /* Debug */ = {
			isa = XCBuildConfiguration;
			buildSettings = {
				BUNDLE_LOADER = "$(TEST_HOST)";
				CODE_SIGN_STYLE = Automatic;
				CURRENT_PROJECT_VERSION = 1;
				GENERATE_INFOPLIST_FILE = YES;
				MACOSX_DEPLOYMENT_TARGET = 14.0;
				MARKETING_VERSION = 1.0;
				PRODUCT_BUNDLE_IDENTIFIER = dev.blazer.lmsTests;
				PRODUCT_NAME = "$(TARGET_NAME)";
				SWIFT_EMIT_LOC_STRINGS = NO;
				SWIFT_VERSION = 5.0;
				TEST_HOST = "$(BUILT_PRODUCTS_DIR)/lms.app/$(BUNDLE_EXECUTABLE_FOLDER_PATH)/lms";
			};
			name = Debug;
		};
		8EFF28C72E017B2C008062F8 /* Release */ = {
			isa = XCBuildConfiguration;
			buildSettings = {
				BUNDLE_LOADER = "$(TEST_HOST)";
				CODE_SIGN_STYLE = Automatic;
				CURRENT_PROJECT_VERSION = 1;
				GENERATE_INFOPLIST_FILE = YES;
				MACOSX_DEPLOYMENT_TARGET = 14.0;
				MARKETING_VERSION = 1.0;
				PRODUCT_BUNDLE_IDENTIFIER = dev.blazer.lmsTests;
				PRODUCT_NAME = "$(TARGET_NAME)";
				SWIFT_EMIT_LOC_STRINGS = NO;
				SWIFT_VERSION = 5.0;
				TEST_HOST = "$(BUILT_PRODUCTS_DIR)/lms.app/$(BUNDLE_EXECUTABLE_FOLDER_PATH)/lms";
			};
			name = Release;
		};
		8EFF28C92E017B2C008062F8 /* Debug */ = {
			isa = XCBuildConfiguration;
			buildSettings = {
				CODE_SIGN_STYLE = Automatic;
				CURRENT_PROJECT_VERSION = 1;
				GENERATE_INFOPLIST_FILE = YES;
				MARKETING_VERSION = 1.0;
				PRODUCT_BUNDLE_IDENTIFIER = dev.blazer.lmsUITests;
				PRODUCT_NAME = "$(TARGET_NAME)";
				SWIFT_EMIT_LOC_STRINGS = NO;
				SWIFT_VERSION = 5.0;
				TEST_TARGET_NAME = lms;
			};
			name = Debug;
		};
		8EFF28CA2E017B2C008062F8 /* Release */ = {
			isa = XCBuildConfiguration;
			buildSettings = {
				CODE_SIGN_STYLE = Automatic;
				CURRENT_PROJECT_VERSION = 1;
				GENERATE_INFOPLIST_FILE = YES;
				MARKETING_VERSION = 1.0;
				PRODUCT_BUNDLE_IDENTIFIER = dev.blazer.lmsUITests;
				PRODUCT_NAME = "$(TARGET_NAME)";
				SWIFT_EMIT_LOC_STRINGS = NO;
				SWIFT_VERSION = 5.0;
				TEST_TARGET_NAME = lms;
			};
			name = Release;
		};
/* End XCBuildConfiguration section */

/* Begin XCConfigurationList section */
		8EFF28992E017B29008062F8 /* Build configuration list for PBXProject "lms" */ = {
			isa = XCConfigurationList;
			buildConfigurations = (
				8EFF28C02E017B2C008062F8 /* Debug */,
				8EFF28C12E017B2C008062F8 /* Release */,
			);
			defaultConfigurationIsVisible = 0;
			defaultConfigurationName = Release;
		};
		8EFF28C22E017B2C008062F8 /* Build configuration list for PBXNativeTarget "lms" */ = {
			isa = XCConfigurationList;
			buildConfigurations = (
				8EFF28C32E017B2C008062F8 /* Debug */,
				8EFF28C42E017B2C008062F8 /* Release */,
			);
			defaultConfigurationIsVisible = 0;
			defaultConfigurationName = Release;
		};
		8EFF28C52E017B2C008062F8 /* Build configuration list for PBXNativeTarget "lmsTests" */ = {
			isa = XCConfigurationList;
			buildConfigurations = (
				8EFF28C62E017B2C008062F8 /* Debug */,
				8EFF28C72E017B2C008062F8 /* Release */,
			);
			defaultConfigurationIsVisible = 0;
			defaultConfigurationName = Release;
		};
		8EFF28C82E017B2C008062F8 /* Build configuration list for PBXNativeTarget "lmsUITests" */ = {
			isa = XCConfigurationList;
			buildConfigurations = (
				8EFF28C92E017B2C008062F8 /* Debug */,
				8EFF28CA2E017B2C008062F8 /* Release */,
			);
			defaultConfigurationIsVisible = 0;
			defaultConfigurationName = Release;
		};
/* End XCConfigurationList section */

/* Begin XCLocalSwiftPackageReference section */
		8EC2D4DF2E3295030055FC11 /* XCLocalSwiftPackageReference "Utilities" */ = {
			isa = XCLocalSwiftPackageReference;
			relativePath = Utilities;
		};
/* End XCLocalSwiftPackageReference section */

/* Begin XCSwiftPackageProductDependency section */
		8EC2D4DD2E3294930055FC11 /* PieChart */ = {
			isa = XCSwiftPackageProductDependency;
			productName = PieChart;
		};
		8EC2D4E02E3295030055FC11 /* PieChart */ = {
			isa = XCSwiftPackageProductDependency;
			productName = PieChart;
		};
/* End XCSwiftPackageProductDependency section */
	};
	rootObject = 8EFF28962E017B29008062F8 /* Project object */;
}
